
Microsoft Visual Studio Solution File, Format Version 12.00
# Visual Studio Version 17
VisualStudioVersion = 17.3.32825.248
MinimumVisualStudioVersion = 10.0.40219.1
Project("{9A19103F-16F7-4668-BE54-9A1E7A4F7556}") = "Chasse au tresor", "Chasse au tresor\Chasse au tresor.csproj", "{27781416-427B-4B0F-B825-D9CB56D9203F}"
EndProject
Project("{FAE04EC0-301F-11D3-BF4B-00C04F79EFBC}") = "Chasse au tresorTests", "Chasse au tresorTests\Chasse au tresorTests.csproj", "{AFD73014-C70E-41AB-B774-DA18499A86FB}"
EndProject
Global
	GlobalSection(SolutionConfigurationPlatforms) = preSolution
		Debug|Any CPU = Debug|Any CPU
		Release|Any CPU = Release|Any CPU
	EndGlobalSection
	GlobalSection(ProjectConfigurationPlatforms) = postSolution
		{27781416-427B-4B0F-B825-D9CB56D9203F}.Debug|Any CPU.ActiveCfg = Debug|Any CPU
		{27781416-427B-4B0F-B825-D9CB56D9203F}.Debug|Any CPU.Build.0 = Debug|Any CPU
		{27781416-427B-4B0F-B825-D9CB56D9203F}.Release|Any CPU.ActiveCfg = Release|Any CPU
		{27781416-427B-4B0F-B825-D9CB56D9203F}.Release|Any CPU.Build.0 = Release|Any CPU
		{AFD73014-C70E-41AB-B774-DA18499A86FB}.Debug|Any CPU.ActiveCfg = Debug|Any CPU
		{AFD73014-C70E-41AB-B774-DA18499A86FB}.Debug|Any CPU.Build.0 = Debug|Any CPU
		{AFD73014-C70E-41AB-B774-DA18499A86FB}.Release|Any CPU.ActiveCfg = Release|Any CPU
		{AFD73014-C70E-41AB-B774-DA18499A86FB}.Release|Any CPU.Build.0 = Release|Any CPU
	EndGlobalSection
	GlobalSection(SolutionProperties) = preSolution
		HideSolutionNode = FALSE
	EndGlobalSection
	GlobalSection(ExtensibilityGlobals) = postSolution
		SolutionGuid = {3C5A52AE-3420-4A5B-AB0B-343816AD1ABF}
	EndGlobalSection
EndGlobal
